// !$*UTF8*$!
{
	archiveVersion = 1;
	classes = {
	};
	objectVersion = 46;
	objects = {

/* Begin PBXBuildFile section */
		761050091BECF46400B1A028 /* event_manager.cpp in Sources */ = {isa = PBXBuildFile; fileRef = 761050071BECF46400B1A028 /* event_manager.cpp */; };
		761BB80A1B7813A9004A017F /* parse_sprite.cpp in Sources */ = {isa = PBXBuildFile; fileRef = 761BB8081B7813A9004A017F /* parse_sprite.cpp */; };
		761BB8101B782A04004A017F /* components.cpp in Sources */ = {isa = PBXBuildFile; fileRef = 761BB80F1B782A04004A017F /* components.cpp */; };
		761BB8131B782A3C004A017F /* entity.cpp in Sources */ = {isa = PBXBuildFile; fileRef = 761BB8111B782A3C004A017F /* entity.cpp */; };
		761BB81F1B78850B004A017F /* ai.cpp in Sources */ = {isa = PBXBuildFile; fileRef = 761BB8171B78850B004A017F /* ai.cpp */; };
		761BB8201B78850B004A017F /* input.cpp in Sources */ = {isa = PBXBuildFile; fileRef = 761BB8191B78850B004A017F /* input.cpp */; };
		761BB8211B78850B004A017F /* physics.cpp in Sources */ = {isa = PBXBuildFile; fileRef = 761BB81B1B78850B004A017F /* physics.cpp */; };
		761BB8221B78850B004A017F /* render.cpp in Sources */ = {isa = PBXBuildFile; fileRef = 761BB81D1B78850B004A017F /* render.cpp */; };
		761BB8251B7E12E6004A017F /* global.cpp in Sources */ = {isa = PBXBuildFile; fileRef = 761BB8231B7E12E6004A017F /* global.cpp */; };
		761BB8291B7E3FC6004A017F /* collision.cpp in Sources */ = {isa = PBXBuildFile; fileRef = 761BB8271B7E3FC6004A017F /* collision.cpp */; };
		766FD2731B72DD3700148282 /* imgui.cpp in Sources */ = {isa = PBXBuildFile; fileRef = 766FD26E1B72DD3700148282 /* imgui.cpp */; };
		7692AE9A1B7517F400EEE8E8 /* imgui_impl_glfw_gl3.cpp in Sources */ = {isa = PBXBuildFile; fileRef = 7692AE891B7517F400EEE8E8 /* imgui_impl_glfw_gl3.cpp */; };
		7692AE9B1B7517F400EEE8E8 /* input_buffer.cpp in Sources */ = {isa = PBXBuildFile; fileRef = 7692AE8B1B7517F400EEE8E8 /* input_buffer.cpp */; };
		7692AE9C1B7517F400EEE8E8 /* main.cpp in Sources */ = {isa = PBXBuildFile; fileRef = 7692AE8D1B7517F400EEE8E8 /* main.cpp */; };
		7692AE9D1B7517F400EEE8E8 /* parse_base.cpp in Sources */ = {isa = PBXBuildFile; fileRef = 7692AE8E1B7517F400EEE8E8 /* parse_base.cpp */; };
		7692AE9E1B7517F400EEE8E8 /* path_utils.cpp in Sources */ = {isa = PBXBuildFile; fileRef = 7692AE901B7517F400EEE8E8 /* path_utils.cpp */; };
		7692AE9F1B7517F400EEE8E8 /* precompiled.cpp in Sources */ = {isa = PBXBuildFile; fileRef = 7692AE921B7517F400EEE8E8 /* precompiled.cpp */; };
		7692AEA01B7517F400EEE8E8 /* resource_manager.cpp in Sources */ = {isa = PBXBuildFile; fileRef = 7692AE941B7517F400EEE8E8 /* resource_manager.cpp */; };
		7692AEA11B7517F400EEE8E8 /* utils.cpp in Sources */ = {isa = PBXBuildFile; fileRef = 7692AE981B7517F400EEE8E8 /* utils.cpp */; };
		7692AEA41B751A9000EEE8E8 /* logging.cpp in Sources */ = {isa = PBXBuildFile; fileRef = 7692AEA21B751A9000EEE8E8 /* logging.cpp */; };
		7692AEA71B75736C00EEE8E8 /* graphics.cpp in Sources */ = {isa = PBXBuildFile; fileRef = 7692AEA51B75736C00EEE8E8 /* graphics.cpp */; };
		7692AEAB1B759E5500EEE8E8 /* sprite_manager.cpp in Sources */ = {isa = PBXBuildFile; fileRef = 7692AEA91B759E5500EEE8E8 /* sprite_manager.cpp */; };
		76B6825C1B72EA8800A49014 /* libglfw3.a in Frameworks */ = {isa = PBXBuildFile; fileRef = 76B6825B1B72EA8800A49014 /* libglfw3.a */; };
		76B6825E1B72EAA800A49014 /* OpenGL.framework in Frameworks */ = {isa = PBXBuildFile; fileRef = 76B6825D1B72EAA800A49014 /* OpenGL.framework */; };
		76B682601B72EAB200A49014 /* Cocoa.framework in Frameworks */ = {isa = PBXBuildFile; fileRef = 76B6825F1B72EAB200A49014 /* Cocoa.framework */; };
		76B682621B72EABA00A49014 /* IOKit.framework in Frameworks */ = {isa = PBXBuildFile; fileRef = 76B682611B72EABA00A49014 /* IOKit.framework */; };
		76B682641B72EAC100A49014 /* CoreVideo.framework in Frameworks */ = {isa = PBXBuildFile; fileRef = 76B682631B72EAC100A49014 /* CoreVideo.framework */; };
		76B682661B72EB9C00A49014 /* gl3w.o in Frameworks */ = {isa = PBXBuildFile; fileRef = 76B682651B72EB9C00A49014 /* gl3w.o */; };
/* End PBXBuildFile section */

/* Begin PBXCopyFilesBuildPhase section */
		7618846E1B72DAFE00C1F46F /* CopyFiles */ = {
			isa = PBXCopyFilesBuildPhase;
			buildActionMask = 2147483647;
			dstPath = /usr/share/man/man1/;
			dstSubfolderSpec = 0;
			files = (
			);
			runOnlyForDeploymentPostprocessing = 1;
		};
/* End PBXCopyFilesBuildPhase section */

/* Begin PBXFileReference section */
		761050071BECF46400B1A028 /* event_manager.cpp */ = {isa = PBXFileReference; fileEncoding = 4; lastKnownFileType = sourcecode.cpp.cpp; name = event_manager.cpp; path = src/event_manager.cpp; sourceTree = SOURCE_ROOT; };
		761050081BECF46400B1A028 /* event_manager.hpp */ = {isa = PBXFileReference; fileEncoding = 4; lastKnownFileType = sourcecode.cpp.h; name = event_manager.hpp; path = src/event_manager.hpp; sourceTree = SOURCE_ROOT; };
		761884701B72DAFF00C1F46F /* ces */ = {isa = PBXFileReference; explicitFileType = "compiled.mach-o.executable"; includeInIndex = 0; path = ces; sourceTree = BUILT_PRODUCTS_DIR; };
		761BB8081B7813A9004A017F /* parse_sprite.cpp */ = {isa = PBXFileReference; fileEncoding = 4; lastKnownFileType = sourcecode.cpp.cpp; name = parse_sprite.cpp; path = src/parse_sprite.cpp; sourceTree = SOURCE_ROOT; };
		761BB8091B7813A9004A017F /* parse_sprite.hpp */ = {isa = PBXFileReference; fileEncoding = 4; lastKnownFileType = sourcecode.cpp.h; name = parse_sprite.hpp; path = src/parse_sprite.hpp; sourceTree = SOURCE_ROOT; };
		761BB80B1B7829F0004A017F /* components.hpp */ = {isa = PBXFileReference; fileEncoding = 4; lastKnownFileType = sourcecode.cpp.h; name = components.hpp; path = src/components.hpp; sourceTree = SOURCE_ROOT; };
		761BB80F1B782A04004A017F /* components.cpp */ = {isa = PBXFileReference; fileEncoding = 4; lastKnownFileType = sourcecode.cpp.cpp; name = components.cpp; path = src/components.cpp; sourceTree = SOURCE_ROOT; };
		761BB8111B782A3C004A017F /* entity.cpp */ = {isa = PBXFileReference; fileEncoding = 4; lastKnownFileType = sourcecode.cpp.cpp; name = entity.cpp; path = src/entity.cpp; sourceTree = SOURCE_ROOT; };
		761BB8121B782A3C004A017F /* entity.hpp */ = {isa = PBXFileReference; fileEncoding = 4; lastKnownFileType = sourcecode.cpp.h; name = entity.hpp; path = src/entity.hpp; sourceTree = SOURCE_ROOT; };
		761BB8141B782A73004A017F /* update_state.hpp */ = {isa = PBXFileReference; fileEncoding = 4; lastKnownFileType = sourcecode.cpp.h; name = update_state.hpp; path = src/update_state.hpp; sourceTree = SOURCE_ROOT; };
		761BB8171B78850B004A017F /* ai.cpp */ = {isa = PBXFileReference; fileEncoding = 4; lastKnownFileType = sourcecode.cpp.cpp; name = ai.cpp; path = src/system/ai.cpp; sourceTree = SOURCE_ROOT; };
		761BB8181B78850B004A017F /* ai.hpp */ = {isa = PBXFileReference; fileEncoding = 4; lastKnownFileType = sourcecode.cpp.h; name = ai.hpp; path = src/system/ai.hpp; sourceTree = SOURCE_ROOT; };
		761BB8191B78850B004A017F /* input.cpp */ = {isa = PBXFileReference; fileEncoding = 4; lastKnownFileType = sourcecode.cpp.cpp; name = input.cpp; path = src/system/input.cpp; sourceTree = SOURCE_ROOT; };
		761BB81A1B78850B004A017F /* input.hpp */ = {isa = PBXFileReference; fileEncoding = 4; lastKnownFileType = sourcecode.cpp.h; name = input.hpp; path = src/system/input.hpp; sourceTree = SOURCE_ROOT; };
		761BB81B1B78850B004A017F /* physics.cpp */ = {isa = PBXFileReference; fileEncoding = 4; lastKnownFileType = sourcecode.cpp.cpp; name = physics.cpp; path = src/system/physics.cpp; sourceTree = SOURCE_ROOT; };
		761BB81C1B78850B004A017F /* physics.hpp */ = {isa = PBXFileReference; fileEncoding = 4; lastKnownFileType = sourcecode.cpp.h; name = physics.hpp; path = src/system/physics.hpp; sourceTree = SOURCE_ROOT; };
		761BB81D1B78850B004A017F /* render.cpp */ = {isa = PBXFileReference; fileEncoding = 4; lastKnownFileType = sourcecode.cpp.cpp; name = render.cpp; path = src/system/render.cpp; sourceTree = SOURCE_ROOT; };
		761BB81E1B78850B004A017F /* render.hpp */ = {isa = PBXFileReference; fileEncoding = 4; lastKnownFileType = sourcecode.cpp.h; name = render.hpp; path = src/system/render.hpp; sourceTree = SOURCE_ROOT; };
		761BB8231B7E12E6004A017F /* global.cpp */ = {isa = PBXFileReference; fileEncoding = 4; lastKnownFileType = sourcecode.cpp.cpp; name = global.cpp; path = src/global.cpp; sourceTree = SOURCE_ROOT; };
		761BB8241B7E12E6004A017F /* global.hpp */ = {isa = PBXFileReference; fileEncoding = 4; lastKnownFileType = sourcecode.cpp.h; name = global.hpp; path = src/global.hpp; sourceTree = SOURCE_ROOT; };
		761BB8261B7E1424004A017F /* system_base.hpp */ = {isa = PBXFileReference; fileEncoding = 4; lastKnownFileType = sourcecode.cpp.h; name = system_base.hpp; path = src/system/system_base.hpp; sourceTree = SOURCE_ROOT; };
		761BB8271B7E3FC6004A017F /* collision.cpp */ = {isa = PBXFileReference; fileEncoding = 4; lastKnownFileType = sourcecode.cpp.cpp; name = collision.cpp; path = src/system/collision.cpp; sourceTree = SOURCE_ROOT; };
		761BB8281B7E3FC6004A017F /* collision.hpp */ = {isa = PBXFileReference; fileEncoding = 4; lastKnownFileType = sourcecode.cpp.h; name = collision.hpp; path = src/system/collision.hpp; sourceTree = SOURCE_ROOT; };
		766FD26D1B72DD3700148282 /* imconfig.h */ = {isa = PBXFileReference; fileEncoding = 4; lastKnownFileType = sourcecode.c.h; name = imconfig.h; path = imgui/imconfig.h; sourceTree = SOURCE_ROOT; };
		766FD26E1B72DD3700148282 /* imgui.cpp */ = {isa = PBXFileReference; fileEncoding = 4; lastKnownFileType = sourcecode.cpp.cpp; name = imgui.cpp; path = imgui/imgui.cpp; sourceTree = SOURCE_ROOT; };
		766FD26F1B72DD3700148282 /* imgui.h */ = {isa = PBXFileReference; fileEncoding = 4; lastKnownFileType = sourcecode.c.h; name = imgui.h; path = imgui/imgui.h; sourceTree = SOURCE_ROOT; };
		766FD2701B72DD3700148282 /* stb_rect_pack.h */ = {isa = PBXFileReference; fileEncoding = 4; lastKnownFileType = sourcecode.c.h; name = stb_rect_pack.h; path = imgui/stb_rect_pack.h; sourceTree = SOURCE_ROOT; };
		766FD2711B72DD3700148282 /* stb_textedit.h */ = {isa = PBXFileReference; fileEncoding = 4; lastKnownFileType = sourcecode.c.h; name = stb_textedit.h; path = imgui/stb_textedit.h; sourceTree = SOURCE_ROOT; };
		766FD2721B72DD3700148282 /* stb_truetype.h */ = {isa = PBXFileReference; fileEncoding = 4; lastKnownFileType = sourcecode.c.h; name = stb_truetype.h; path = imgui/stb_truetype.h; sourceTree = SOURCE_ROOT; };
		7692AE891B7517F400EEE8E8 /* imgui_impl_glfw_gl3.cpp */ = {isa = PBXFileReference; fileEncoding = 4; lastKnownFileType = sourcecode.cpp.cpp; name = imgui_impl_glfw_gl3.cpp; path = src/imgui_impl_glfw_gl3.cpp; sourceTree = SOURCE_ROOT; };
		7692AE8A1B7517F400EEE8E8 /* imgui_impl_glfw_gl3.h */ = {isa = PBXFileReference; fileEncoding = 4; lastKnownFileType = sourcecode.c.h; name = imgui_impl_glfw_gl3.h; path = src/imgui_impl_glfw_gl3.h; sourceTree = SOURCE_ROOT; };
		7692AE8B1B7517F400EEE8E8 /* input_buffer.cpp */ = {isa = PBXFileReference; fileEncoding = 4; lastKnownFileType = sourcecode.cpp.cpp; name = input_buffer.cpp; path = src/input_buffer.cpp; sourceTree = SOURCE_ROOT; };
		7692AE8C1B7517F400EEE8E8 /* input_buffer.hpp */ = {isa = PBXFileReference; fileEncoding = 4; lastKnownFileType = sourcecode.cpp.h; name = input_buffer.hpp; path = src/input_buffer.hpp; sourceTree = SOURCE_ROOT; };
		7692AE8D1B7517F400EEE8E8 /* main.cpp */ = {isa = PBXFileReference; fileEncoding = 4; lastKnownFileType = sourcecode.cpp.cpp; name = main.cpp; path = src/main.cpp; sourceTree = SOURCE_ROOT; };
		7692AE8E1B7517F400EEE8E8 /* parse_base.cpp */ = {isa = PBXFileReference; fileEncoding = 4; lastKnownFileType = sourcecode.cpp.cpp; name = parse_base.cpp; path = src/parse_base.cpp; sourceTree = SOURCE_ROOT; };
		7692AE8F1B7517F400EEE8E8 /* parse_base.hpp */ = {isa = PBXFileReference; fileEncoding = 4; lastKnownFileType = sourcecode.cpp.h; name = parse_base.hpp; path = src/parse_base.hpp; sourceTree = SOURCE_ROOT; };
		7692AE901B7517F400EEE8E8 /* path_utils.cpp */ = {isa = PBXFileReference; fileEncoding = 4; lastKnownFileType = sourcecode.cpp.cpp; name = path_utils.cpp; path = src/path_utils.cpp; sourceTree = SOURCE_ROOT; };
		7692AE911B7517F400EEE8E8 /* path_utils.hpp */ = {isa = PBXFileReference; fileEncoding = 4; lastKnownFileType = sourcecode.cpp.h; name = path_utils.hpp; path = src/path_utils.hpp; sourceTree = SOURCE_ROOT; };
		7692AE921B7517F400EEE8E8 /* precompiled.cpp */ = {isa = PBXFileReference; fileEncoding = 4; lastKnownFileType = sourcecode.cpp.cpp; name = precompiled.cpp; path = src/precompiled.cpp; sourceTree = SOURCE_ROOT; };
		7692AE931B7517F400EEE8E8 /* precompiled.hpp */ = {isa = PBXFileReference; fileEncoding = 4; lastKnownFileType = sourcecode.cpp.h; name = precompiled.hpp; path = src/precompiled.hpp; sourceTree = SOURCE_ROOT; };
		7692AE941B7517F400EEE8E8 /* resource_manager.cpp */ = {isa = PBXFileReference; fileEncoding = 4; lastKnownFileType = sourcecode.cpp.cpp; name = resource_manager.cpp; path = src/resource_manager.cpp; sourceTree = SOURCE_ROOT; };
		7692AE951B7517F400EEE8E8 /* resource_manager.hpp */ = {isa = PBXFileReference; fileEncoding = 4; lastKnownFileType = sourcecode.cpp.h; name = resource_manager.hpp; path = src/resource_manager.hpp; sourceTree = SOURCE_ROOT; };
		7692AE961B7517F400EEE8E8 /* stb_image.h */ = {isa = PBXFileReference; fileEncoding = 4; lastKnownFileType = sourcecode.c.h; name = stb_image.h; path = src/stb_image.h; sourceTree = SOURCE_ROOT; };
		7692AE971B7517F400EEE8E8 /* types.hpp */ = {isa = PBXFileReference; fileEncoding = 4; lastKnownFileType = sourcecode.cpp.h; name = types.hpp; path = src/types.hpp; sourceTree = SOURCE_ROOT; };
		7692AE981B7517F400EEE8E8 /* utils.cpp */ = {isa = PBXFileReference; fileEncoding = 4; lastKnownFileType = sourcecode.cpp.cpp; name = utils.cpp; path = src/utils.cpp; sourceTree = SOURCE_ROOT; };
		7692AE991B7517F400EEE8E8 /* utils.hpp */ = {isa = PBXFileReference; fileEncoding = 4; lastKnownFileType = sourcecode.cpp.h; name = utils.hpp; path = src/utils.hpp; sourceTree = SOURCE_ROOT; };
		7692AEA21B751A9000EEE8E8 /* logging.cpp */ = {isa = PBXFileReference; fileEncoding = 4; lastKnownFileType = sourcecode.cpp.cpp; name = logging.cpp; path = src/logging.cpp; sourceTree = SOURCE_ROOT; };
		7692AEA31B751A9000EEE8E8 /* logging.hpp */ = {isa = PBXFileReference; fileEncoding = 4; lastKnownFileType = sourcecode.cpp.h; name = logging.hpp; path = src/logging.hpp; sourceTree = SOURCE_ROOT; };
		7692AEA51B75736C00EEE8E8 /* graphics.cpp */ = {isa = PBXFileReference; fileEncoding = 4; lastKnownFileType = sourcecode.cpp.cpp; name = graphics.cpp; path = src/graphics.cpp; sourceTree = SOURCE_ROOT; };
		7692AEA61B75736C00EEE8E8 /* graphics.hpp */ = {isa = PBXFileReference; fileEncoding = 4; lastKnownFileType = sourcecode.cpp.h; name = graphics.hpp; path = src/graphics.hpp; sourceTree = SOURCE_ROOT; };
		7692AEA81B7573D200EEE8E8 /* object_handle.hpp */ = {isa = PBXFileReference; fileEncoding = 4; lastKnownFileType = sourcecode.cpp.h; name = object_handle.hpp; path = src/object_handle.hpp; sourceTree = SOURCE_ROOT; };
		7692AEA91B759E5500EEE8E8 /* sprite_manager.cpp */ = {isa = PBXFileReference; fileEncoding = 4; lastKnownFileType = sourcecode.cpp.cpp; name = sprite_manager.cpp; path = src/sprite_manager.cpp; sourceTree = SOURCE_ROOT; };
		7692AEAA1B759E5500EEE8E8 /* sprite_manager.hpp */ = {isa = PBXFileReference; fileEncoding = 4; lastKnownFileType = sourcecode.cpp.h; name = sprite_manager.hpp; path = src/sprite_manager.hpp; sourceTree = SOURCE_ROOT; };
		76B682591B72EA7E00A49014 /* libglfw3.3.0.dylib */ = {isa = PBXFileReference; lastKnownFileType = "compiled.mach-o.dylib"; name = libglfw3.3.0.dylib; path = ../../../../usr/local/Cellar/glfw3/3.0.4/lib/libglfw3.3.0.dylib; sourceTree = "<group>"; };
		76B6825B1B72EA8800A49014 /* libglfw3.a */ = {isa = PBXFileReference; lastKnownFileType = archive.ar; name = libglfw3.a; path = ../../../../usr/local/lib/libglfw3.a; sourceTree = "<group>"; };
		76B6825D1B72EAA800A49014 /* OpenGL.framework */ = {isa = PBXFileReference; lastKnownFileType = wrapper.framework; name = OpenGL.framework; path = System/Library/Frameworks/OpenGL.framework; sourceTree = SDKROOT; };
		76B6825F1B72EAB200A49014 /* Cocoa.framework */ = {isa = PBXFileReference; lastKnownFileType = wrapper.framework; name = Cocoa.framework; path = System/Library/Frameworks/Cocoa.framework; sourceTree = SDKROOT; };
		76B682611B72EABA00A49014 /* IOKit.framework */ = {isa = PBXFileReference; lastKnownFileType = wrapper.framework; name = IOKit.framework; path = System/Library/Frameworks/IOKit.framework; sourceTree = SDKROOT; };
		76B682631B72EAC100A49014 /* CoreVideo.framework */ = {isa = PBXFileReference; lastKnownFileType = wrapper.framework; name = CoreVideo.framework; path = System/Library/Frameworks/CoreVideo.framework; sourceTree = SDKROOT; };
		76B682651B72EB9C00A49014 /* gl3w.o */ = {isa = PBXFileReference; lastKnownFileType = "compiled.mach-o.objfile"; name = gl3w.o; path = ../imgui/examples/libs/gl3w/GL/gl3w.o; sourceTree = "<group>"; };
/* End PBXFileReference section */

/* Begin PBXFrameworksBuildPhase section */
		7618846D1B72DAFE00C1F46F /* Frameworks */ = {
			isa = PBXFrameworksBuildPhase;
			buildActionMask = 2147483647;
			files = (
				76B682661B72EB9C00A49014 /* gl3w.o in Frameworks */,
				76B6825C1B72EA8800A49014 /* libglfw3.a in Frameworks */,
				76B682641B72EAC100A49014 /* CoreVideo.framework in Frameworks */,
				76B682621B72EABA00A49014 /* IOKit.framework in Frameworks */,
				76B682601B72EAB200A49014 /* Cocoa.framework in Frameworks */,
				76B6825E1B72EAA800A49014 /* OpenGL.framework in Frameworks */,
			);
			runOnlyForDeploymentPostprocessing = 0;
		};
/* End PBXFrameworksBuildPhase section */

/* Begin PBXGroup section */
		761884671B72DAFE00C1F46F = {
			isa = PBXGroup;
			children = (
				76B682651B72EB9C00A49014 /* gl3w.o */,
				76B682631B72EAC100A49014 /* CoreVideo.framework */,
				76B682611B72EABA00A49014 /* IOKit.framework */,
				76B6825F1B72EAB200A49014 /* Cocoa.framework */,
				76B6825D1B72EAA800A49014 /* OpenGL.framework */,
				76B6825B1B72EA8800A49014 /* libglfw3.a */,
				76B682591B72EA7E00A49014 /* libglfw3.3.0.dylib */,
				761884721B72DAFF00C1F46F /* src */,
				761884711B72DAFF00C1F46F /* Products */,
			);
			sourceTree = "<group>";
		};
		761884711B72DAFF00C1F46F /* Products */ = {
			isa = PBXGroup;
			children = (
				761884701B72DAFF00C1F46F /* ces */,
			);
			name = Products;
			sourceTree = "<group>";
		};
		761884721B72DAFF00C1F46F /* src */ = {
			isa = PBXGroup;
			children = (
				761050071BECF46400B1A028 /* event_manager.cpp */,
				761050081BECF46400B1A028 /* event_manager.hpp */,
				761BB8161B7884FA004A017F /* system */,
				761BB8261B7E1424004A017F /* system_base.hpp */,
				761BB8231B7E12E6004A017F /* global.cpp */,
				761BB8241B7E12E6004A017F /* global.hpp */,
				761BB8141B782A73004A017F /* update_state.hpp */,
				761BB8111B782A3C004A017F /* entity.cpp */,
				761BB8121B782A3C004A017F /* entity.hpp */,
				761BB80F1B782A04004A017F /* components.cpp */,
				761BB80B1B7829F0004A017F /* components.hpp */,
				761BB8081B7813A9004A017F /* parse_sprite.cpp */,
				761BB8091B7813A9004A017F /* parse_sprite.hpp */,
				7692AEA91B759E5500EEE8E8 /* sprite_manager.cpp */,
				7692AEAA1B759E5500EEE8E8 /* sprite_manager.hpp */,
				7692AEA81B7573D200EEE8E8 /* object_handle.hpp */,
				7692AEA51B75736C00EEE8E8 /* graphics.cpp */,
				7692AEA61B75736C00EEE8E8 /* graphics.hpp */,
				7692AEA21B751A9000EEE8E8 /* logging.cpp */,
				7692AEA31B751A9000EEE8E8 /* logging.hpp */,
				7692AE8B1B7517F400EEE8E8 /* input_buffer.cpp */,
				7692AE8C1B7517F400EEE8E8 /* input_buffer.hpp */,
				7692AE8D1B7517F400EEE8E8 /* main.cpp */,
				7692AE8E1B7517F400EEE8E8 /* parse_base.cpp */,
				7692AE8F1B7517F400EEE8E8 /* parse_base.hpp */,
				7692AE901B7517F400EEE8E8 /* path_utils.cpp */,
				7692AE911B7517F400EEE8E8 /* path_utils.hpp */,
				7692AE921B7517F400EEE8E8 /* precompiled.cpp */,
				7692AE931B7517F400EEE8E8 /* precompiled.hpp */,
				7692AE941B7517F400EEE8E8 /* resource_manager.cpp */,
				7692AE951B7517F400EEE8E8 /* resource_manager.hpp */,
				7692AE961B7517F400EEE8E8 /* stb_image.h */,
				7692AE971B7517F400EEE8E8 /* types.hpp */,
				7692AE981B7517F400EEE8E8 /* utils.cpp */,
				7692AE991B7517F400EEE8E8 /* utils.hpp */,
				766FD26C1B72DD1F00148282 /* imgui */,
			);
			name = src;
			path = ces;
			sourceTree = "<group>";
		};
		761BB8161B7884FA004A017F /* system */ = {
			isa = PBXGroup;
			children = (
				761BB8271B7E3FC6004A017F /* collision.cpp */,
				761BB8281B7E3FC6004A017F /* collision.hpp */,
				761BB8171B78850B004A017F /* ai.cpp */,
				761BB8181B78850B004A017F /* ai.hpp */,
				761BB8191B78850B004A017F /* input.cpp */,
				761BB81A1B78850B004A017F /* input.hpp */,
				761BB81B1B78850B004A017F /* physics.cpp */,
				761BB81C1B78850B004A017F /* physics.hpp */,
				761BB81D1B78850B004A017F /* render.cpp */,
				761BB81E1B78850B004A017F /* render.hpp */,
			);
			name = system;
			sourceTree = "<group>";
		};
		766FD26C1B72DD1F00148282 /* imgui */ = {
			isa = PBXGroup;
			children = (
				7692AE891B7517F400EEE8E8 /* imgui_impl_glfw_gl3.cpp */,
				7692AE8A1B7517F400EEE8E8 /* imgui_impl_glfw_gl3.h */,
				766FD26D1B72DD3700148282 /* imconfig.h */,
				766FD26E1B72DD3700148282 /* imgui.cpp */,
				766FD26F1B72DD3700148282 /* imgui.h */,
				766FD2701B72DD3700148282 /* stb_rect_pack.h */,
				766FD2711B72DD3700148282 /* stb_textedit.h */,
				766FD2721B72DD3700148282 /* stb_truetype.h */,
			);
			name = imgui;
			sourceTree = "<group>";
		};
/* End PBXGroup section */

/* Begin PBXNativeTarget section */
		7618846F1B72DAFE00C1F46F /* ces */ = {
			isa = PBXNativeTarget;
			buildConfigurationList = 761884771B72DAFF00C1F46F /* Build configuration list for PBXNativeTarget "ces" */;
			buildPhases = (
				7618846C1B72DAFE00C1F46F /* Sources */,
				7618846D1B72DAFE00C1F46F /* Frameworks */,
				7618846E1B72DAFE00C1F46F /* CopyFiles */,
			);
			buildRules = (
			);
			dependencies = (
			);
			name = ces;
			productName = ces;
			productReference = 761884701B72DAFF00C1F46F /* ces */;
			productType = "com.apple.product-type.tool";
		};
/* End PBXNativeTarget section */

/* Begin PBXProject section */
		761884681B72DAFE00C1F46F /* Project object */ = {
			isa = PBXProject;
			attributes = {
				LastUpgradeCheck = 0640;
				TargetAttributes = {
					7618846F1B72DAFE00C1F46F = {
						CreatedOnToolsVersion = 6.4;
					};
				};
			};
			buildConfigurationList = 7618846B1B72DAFE00C1F46F /* Build configuration list for PBXProject "ces" */;
			compatibilityVersion = "Xcode 3.2";
			developmentRegion = English;
			hasScannedForEncodings = 0;
			knownRegions = (
				en,
			);
			mainGroup = 761884671B72DAFE00C1F46F;
			productRefGroup = 761884711B72DAFF00C1F46F /* Products */;
			projectDirPath = "";
			projectRoot = "";
			targets = (
				7618846F1B72DAFE00C1F46F /* ces */,
			);
		};
/* End PBXProject section */

/* Begin PBXSourcesBuildPhase section */
		7618846C1B72DAFE00C1F46F /* Sources */ = {
			isa = PBXSourcesBuildPhase;
			buildActionMask = 2147483647;
			files = (
				7692AEA11B7517F400EEE8E8 /* utils.cpp in Sources */,
				761BB81F1B78850B004A017F /* ai.cpp in Sources */,
				761BB8201B78850B004A017F /* input.cpp in Sources */,
				7692AE9F1B7517F400EEE8E8 /* precompiled.cpp in Sources */,
				761BB8131B782A3C004A017F /* entity.cpp in Sources */,
				761BB8221B78850B004A017F /* render.cpp in Sources */,
				761BB8101B782A04004A017F /* components.cpp in Sources */,
				761BB80A1B7813A9004A017F /* parse_sprite.cpp in Sources */,
				761BB8211B78850B004A017F /* physics.cpp in Sources */,
				7692AEA71B75736C00EEE8E8 /* graphics.cpp in Sources */,
				7692AE9C1B7517F400EEE8E8 /* main.cpp in Sources */,
				7692AEAB1B759E5500EEE8E8 /* sprite_manager.cpp in Sources */,
				761BB8251B7E12E6004A017F /* global.cpp in Sources */,
				7692AE9B1B7517F400EEE8E8 /* input_buffer.cpp in Sources */,
				761050091BECF46400B1A028 /* event_manager.cpp in Sources */,
				7692AE9D1B7517F400EEE8E8 /* parse_base.cpp in Sources */,
				761BB8291B7E3FC6004A017F /* collision.cpp in Sources */,
				7692AEA01B7517F400EEE8E8 /* resource_manager.cpp in Sources */,
				7692AE9E1B7517F400EEE8E8 /* path_utils.cpp in Sources */,
				7692AEA41B751A9000EEE8E8 /* logging.cpp in Sources */,
				7692AE9A1B7517F400EEE8E8 /* imgui_impl_glfw_gl3.cpp in Sources */,
				766FD2731B72DD3700148282 /* imgui.cpp in Sources */,
			);
			runOnlyForDeploymentPostprocessing = 0;
		};
/* End PBXSourcesBuildPhase section */

/* Begin XCBuildConfiguration section */
		761884751B72DAFF00C1F46F /* Debug */ = {
			isa = XCBuildConfiguration;
			buildSettings = {
				ALWAYS_SEARCH_USER_PATHS = NO;
				CLANG_CXX_LANGUAGE_STANDARD = "gnu++0x";
				CLANG_CXX_LIBRARY = "libc++";
				CLANG_ENABLE_MODULES = YES;
				CLANG_ENABLE_OBJC_ARC = YES;
				CLANG_WARN_BOOL_CONVERSION = YES;
				CLANG_WARN_CONSTANT_CONVERSION = YES;
				CLANG_WARN_DIRECT_OBJC_ISA_USAGE = YES_ERROR;
				CLANG_WARN_EMPTY_BODY = YES;
				CLANG_WARN_ENUM_CONVERSION = YES;
				CLANG_WARN_INT_CONVERSION = YES;
				CLANG_WARN_OBJC_ROOT_CLASS = YES_ERROR;
				CLANG_WARN_UNREACHABLE_CODE = YES;
				CLANG_WARN__DUPLICATE_METHOD_MATCH = YES;
				COPY_PHASE_STRIP = NO;
				DEBUG_INFORMATION_FORMAT = dwarf;
				ENABLE_STRICT_OBJC_MSGSEND = YES;
				GCC_C_LANGUAGE_STANDARD = gnu99;
				GCC_DYNAMIC_NO_PIC = NO;
				GCC_NO_COMMON_BLOCKS = YES;
				GCC_OPTIMIZATION_LEVEL = 0;
				GCC_PREPROCESSOR_DEFINITIONS = (
					"DEBUG=1",
					"$(inherited)",
				);
				GCC_SYMBOLS_PRIVATE_EXTERN = NO;
				GCC_WARN_64_TO_32_BIT_CONVERSION = YES;
				GCC_WARN_ABOUT_RETURN_TYPE = YES_ERROR;
				GCC_WARN_UNDECLARED_SELECTOR = YES;
				GCC_WARN_UNINITIALIZED_AUTOS = YES_AGGRESSIVE;
				GCC_WARN_UNUSED_FUNCTION = YES;
				GCC_WARN_UNUSED_VARIABLE = YES;
				MACOSX_DEPLOYMENT_TARGET = 10.10;
				MTL_ENABLE_DEBUG_INFO = YES;
				ONLY_ACTIVE_ARCH = YES;
				SDKROOT = macosx;
			};
			name = Debug;
		};
		761884761B72DAFF00C1F46F /* Release */ = {
			isa = XCBuildConfiguration;
			buildSettings = {
				ALWAYS_SEARCH_USER_PATHS = NO;
				CLANG_CXX_LANGUAGE_STANDARD = "gnu++0x";
				CLANG_CXX_LIBRARY = "libc++";
				CLANG_ENABLE_MODULES = YES;
				CLANG_ENABLE_OBJC_ARC = YES;
				CLANG_WARN_BOOL_CONVERSION = YES;
				CLANG_WARN_CONSTANT_CONVERSION = YES;
				CLANG_WARN_DIRECT_OBJC_ISA_USAGE = YES_ERROR;
				CLANG_WARN_EMPTY_BODY = YES;
				CLANG_WARN_ENUM_CONVERSION = YES;
				CLANG_WARN_INT_CONVERSION = YES;
				CLANG_WARN_OBJC_ROOT_CLASS = YES_ERROR;
				CLANG_WARN_UNREACHABLE_CODE = YES;
				CLANG_WARN__DUPLICATE_METHOD_MATCH = YES;
				COPY_PHASE_STRIP = NO;
				DEBUG_INFORMATION_FORMAT = "dwarf-with-dsym";
				ENABLE_NS_ASSERTIONS = NO;
				ENABLE_STRICT_OBJC_MSGSEND = YES;
				GCC_C_LANGUAGE_STANDARD = gnu99;
				GCC_NO_COMMON_BLOCKS = YES;
				GCC_WARN_64_TO_32_BIT_CONVERSION = YES;
				GCC_WARN_ABOUT_RETURN_TYPE = YES_ERROR;
				GCC_WARN_UNDECLARED_SELECTOR = YES;
				GCC_WARN_UNINITIALIZED_AUTOS = YES_AGGRESSIVE;
				GCC_WARN_UNUSED_FUNCTION = YES;
				GCC_WARN_UNUSED_VARIABLE = YES;
				MACOSX_DEPLOYMENT_TARGET = 10.10;
				MTL_ENABLE_DEBUG_INFO = NO;
				SDKROOT = macosx;
			};
			name = Release;
		};
		761884781B72DAFF00C1F46F /* Debug */ = {
			isa = XCBuildConfiguration;
			buildSettings = {
				GCC_PRECOMPILE_PREFIX_HEADER = YES;
				GCC_PREFIX_HEADER = src/precompiled.hpp;
				HEADER_SEARCH_PATHS = (
					"$(inherited)",
					/Applications/Xcode.app/Contents/Developer/Toolchains/XcodeDefault.xctoolchain/usr/include,
					/Users/dooz/projects/cestest/imgui,
					/Users/dooz/projects/cestest/imgui/examples/libs/gl3w,
					/Users/dooz/projects/cestest/imgui/examples/libs/glfw/include,
				);
				LIBRARY_SEARCH_PATHS = (
					/usr/local/lib,
					/usr/local/Cellar/glfw3/3.0.4/lib,
				);
				OTHER_LDFLAGS = (
					"-L/usr/local/lib",
					"-lglfw3",
				);
				PRODUCT_NAME = "$(TARGET_NAME)";
			};
			name = Debug;
		};
		761884791B72DAFF00C1F46F /* Release */ = {
			isa = XCBuildConfiguration;
			buildSettings = {
				GCC_PRECOMPILE_PREFIX_HEADER = YES;
				GCC_PREFIX_HEADER = src/precompiled.hpp;
				HEADER_SEARCH_PATHS = (
					"$(inherited)",
					/Applications/Xcode.app/Contents/Developer/Toolchains/XcodeDefault.xctoolchain/usr/include,
					/Users/dooz/projects/cestest/imgui,
					/Users/dooz/projects/cestest/imgui/examples/libs/gl3w,
					/Users/dooz/projects/cestest/imgui/examples/libs/glfw/include,
				);
				LIBRARY_SEARCH_PATHS = (
					/usr/local/lib,
					/usr/local/Cellar/glfw3/3.0.4/lib,
				);
				OTHER_LDFLAGS = (
					"-L/usr/local/lib",
					"-lglfw3",
				);
				PRODUCT_NAME = "$(TARGET_NAME)";
			};
			name = Release;
		};
/* End XCBuildConfiguration section */

/* Begin XCConfigurationList section */
		7618846B1B72DAFE00C1F46F /* Build configuration list for PBXProject "ces" */ = {
			isa = XCConfigurationList;
			buildConfigurations = (
				761884751B72DAFF00C1F46F /* Debug */,
				761884761B72DAFF00C1F46F /* Release */,
			);
			defaultConfigurationIsVisible = 0;
			defaultConfigurationName = Release;
		};
		761884771B72DAFF00C1F46F /* Build configuration list for PBXNativeTarget "ces" */ = {
			isa = XCConfigurationList;
			buildConfigurations = (
				761884781B72DAFF00C1F46F /* Debug */,
				761884791B72DAFF00C1F46F /* Release */,
			);
			defaultConfigurationIsVisible = 0;
			defaultConfigurationName = Release;
		};
/* End XCConfigurationList section */
	};
	rootObject = 761884681B72DAFE00C1F46F /* Project object */;
}
